
Microsoft Visual Studio Solution File, Format Version 12.00
Project("{FAE04EC0-301F-11D3-BF4B-00C04F79EFBC}") = "TestMod", "TestMod\TestMod.csproj", "{1D42935B-452E-464C-B102-4AA79BC6B79A}"
EndProject
Global
	GlobalSection(SolutionConfigurationPlatforms) = preSolution
		Debug|Any CPU = Debug|Any CPU
		Release|Any CPU = Release|Any CPU
	EndGlobalSection
	GlobalSection(ProjectConfigurationPlatforms) = postSolution
		{1D42935B-452E-464C-B102-4AA79BC6B79A}.Debug|Any CPU.ActiveCfg = Debug|Any CPU
		{1D42935B-452E-464C-B102-4AA79BC6B79A}.Debug|Any CPU.Build.0 = Debug|Any CPU
		{1D42935B-452E-464C-B102-4AA79BC6B79A}.Release|Any CPU.ActiveCfg = Release|Any CPU
		{1D42935B-452E-464C-B102-4AA79BC6B79A}.Release|Any CPU.Build.0 = Release|Any CPU
	EndGlobalSection
EndGlobal
